{
  "version": 4,
  "terraform_version": "0.13.2",
  "serial": 6,
  "lineage": "2960cc07-ae92-c576-4518-c66c2b2322ce",
  "outputs": {},
  "resources": [
    {
      "mode": "managed",
      "type": "docker_image",
      "name": "rip_api",
      "provider": "provider[\"registry.terraform.io/terraform-providers/docker\"]",
      "instances": [
        {
          "schema_version": 0,
          "attributes": {
            "id": "sha256:403f5ce140e1c39616406d4a0a4c2dfbc3b68f399eb26c95a354d46916e377b8rip_api:latest",
            "keep_locally": false,
            "latest": "sha256:403f5ce140e1c39616406d4a0a4c2dfbc3b68f399eb26c95a354d46916e377b8",
            "name": "rip_api:latest",
            "pull_trigger": null,
            "pull_triggers": null
          }
        }
      ]
    }
  ]
}
